
Microsoft Visual Studio Solution File, Format Version 11.00
# Visual C++ Express 2010
Project("{8BC9CEB8-8B4A-11D0-8D11-00A0C91BC942}") = "xJus_EPOS", "xJus_EPOS\xJus_EPOS.vcxproj", "{95741F68-B6EB-48F8-984B-E2A034345701}"
EndProject
Global
	GlobalSection(SolutionConfigurationPlatforms) = preSolution
		Debug|Win32 = Debug|Win32
		Release|Win32 = Release|Win32
	EndGlobalSection
	GlobalSection(ProjectConfigurationPlatforms) = postSolution
		{95741F68-B6EB-48F8-984B-E2A034345701}.Debug|Win32.ActiveCfg = Debug|Win32
		{95741F68-B6EB-48F8-984B-E2A034345701}.Debug|Win32.Build.0 = Debug|Win32
		{95741F68-B6EB-48F8-984B-E2A034345701}.Release|Win32.ActiveCfg = Release|Win32
		{95741F68-B6EB-48F8-984B-E2A034345701}.Release|Win32.Build.0 = Release|Win32
	EndGlobalSection
	GlobalSection(SolutionProperties) = preSolution
		HideSolutionNode = FALSE
	EndGlobalSection
EndGlobal
