
Microsoft Visual Studio Solution File, Format Version 11.00
# Visual C++ Express 2010
Project("{8BC9CEB8-8B4A-11D0-8D11-00A0C91BC942}") = "Demo_WinDLL", "Demo_WinDLL.vcxproj", "{8892ED86-87B7-4A94-96B9-AB96617D1D20}"
	ProjectSection(WebsiteProperties) = preProject
		Debug.AspNetCompiler.Debug = "True"
		Release.AspNetCompiler.Debug = "False"
	EndProjectSection
EndProject
Global
	GlobalSection(SolutionConfigurationPlatforms) = preSolution
		Debug|Win32 = Debug|Win32
		Debug|x64 = Debug|x64
		Release|Win32 = Release|Win32
		Release|x64 = Release|x64
	EndGlobalSection
	GlobalSection(ProjectConfigurationPlatforms) = postSolution
		{8892ED86-87B7-4A94-96B9-AB96617D1D20}.Debug|Win32.ActiveCfg = Debug|Win32
		{8892ED86-87B7-4A94-96B9-AB96617D1D20}.Debug|Win32.Build.0 = Debug|Win32
		{8892ED86-87B7-4A94-96B9-AB96617D1D20}.Debug|x64.ActiveCfg = Debug|x64
		{8892ED86-87B7-4A94-96B9-AB96617D1D20}.Debug|x64.Build.0 = Debug|x64
		{8892ED86-87B7-4A94-96B9-AB96617D1D20}.Release|Win32.ActiveCfg = Release|Win32
		{8892ED86-87B7-4A94-96B9-AB96617D1D20}.Release|Win32.Build.0 = Release|Win32
		{8892ED86-87B7-4A94-96B9-AB96617D1D20}.Release|x64.ActiveCfg = Release|x64
		{8892ED86-87B7-4A94-96B9-AB96617D1D20}.Release|x64.Build.0 = Release|x64
	EndGlobalSection
	GlobalSection(SolutionProperties) = preSolution
		HideSolutionNode = FALSE
	EndGlobalSection
EndGlobal
